
Microsoft Visual Studio Solution File, Format Version 12.00
# Visual Studio Version 17
VisualStudioVersion = 17.7.34024.191
MinimumVisualStudioVersion = 10.0.40219.1
Project("{FAE04EC0-301F-11D3-BF4B-00C04F79EFBC}") = "StargateMenuFix", "StargateMenuFix.csproj", "{53E33E2D-7CE1-4012-A456-41FAB8E47319}"
EndProject
Global
	GlobalSection(SolutionConfigurationPlatforms) = preSolution
		Debug|Any CPU = Debug|Any CPU
		Release|Any CPU = Release|Any CPU
	EndGlobalSection
	GlobalSection(ProjectConfigurationPlatforms) = postSolution
		{53E33E2D-7CE1-4012-A456-41FAB8E47319}.Debug|Any CPU.ActiveCfg = Debug|Any CPU
		{53E33E2D-7CE1-4012-A456-41FAB8E47319}.Debug|Any CPU.Build.0 = Debug|Any CPU
		{53E33E2D-7CE1-4012-A456-41FAB8E47319}.Release|Any CPU.ActiveCfg = Release|Any CPU
		{53E33E2D-7CE1-4012-A456-41FAB8E47319}.Release|Any CPU.Build.0 = Release|Any CPU
	EndGlobalSection
	GlobalSection(SolutionProperties) = preSolution
		HideSolutionNode = FALSE
	EndGlobalSection
	GlobalSection(ExtensibilityGlobals) = postSolution
		SolutionGuid = {ECAC2DFD-E73F-464F-BC79-E40B04AE92A3}
	EndGlobalSection
EndGlobal
